// !$*UTF8*$!
{
	archiveVersion = 1;
	classes = {
	};
	objectVersion = 77;
	objects = {

/* Begin PBXContainerItemProxy section */
		73D837D92D5D3608006602DB /* PBXContainerItemProxy */ = {
			isa = PBXContainerItemProxy;
			containerPortal = 73D837BC2D5D3607006602DB /* Project object */;
			proxyType = 1;
			remoteGlobalIDString = 73D837C32D5D3607006602DB;
			remoteInfo = WakeWise;
		};
		73D837E32D5D3608006602DB /* PBXContainerItemProxy */ = {
			isa = PBXContainerItemProxy;
			containerPortal = 73D837BC2D5D3607006602DB /* Project object */;
			proxyType = 1;
			remoteGlobalIDString = 73D837C32D5D3607006602DB;
			remoteInfo = WakeWise;
		};
/* End PBXContainerItemProxy section */

/* Begin PBXFileReference section */
		7306D0512D6147CF00771070 /* ThemeView.swift */ = {isa = PBXFileReference; lastKnownFileType = sourcecode.swift; path = ThemeView.swift; sourceTree = "<group>"; };
		7306D0542D6147DF00771070 /* SettingsView.swift */ = {isa = PBXFileReference; lastKnownFileType = sourcecode.swift; path = SettingsView.swift; sourceTree = "<group>"; };
		7306D0572D614E1E00771070 /* Weekday.swift */ = {isa = PBXFileReference; lastKnownFileType = sourcecode.swift; path = Weekday.swift; sourceTree = "<group>"; };
		7306D05A2D62976700771070 /* AlarmList.swift */ = {isa = PBXFileReference; lastKnownFileType = sourcecode.swift; path = AlarmList.swift; sourceTree = "<group>"; };
		733092432D5EB1150075EADC /* ContainerSize.swift */ = {isa = PBXFileReference; lastKnownFileType = sourcecode.swift; path = ContainerSize.swift; sourceTree = "<group>"; };
		733092462D5FBA0A0075EADC /* Alarm.swift */ = {isa = PBXFileReference; lastKnownFileType = sourcecode.swift; path = Alarm.swift; sourceTree = "<group>"; };
		733092532D6131D90075EADC /* ToolbarView.swift */ = {isa = PBXFileReference; lastKnownFileType = sourcecode.swift; path = ToolbarView.swift; sourceTree = "<group>"; };
		7373B3C12D613685003B9464 /* CurrentTimeView.swift */ = {isa = PBXFileReference; lastKnownFileType = sourcecode.swift; path = CurrentTimeView.swift; sourceTree = "<group>"; };
		7373B3C72D614580003B9464 /* BottomNavigationView.swift */ = {isa = PBXFileReference; lastKnownFileType = sourcecode.swift; path = BottomNavigationView.swift; sourceTree = "<group>"; };
		73D837C42D5D3607006602DB /* WakeWise.app */ = {isa = PBXFileReference; explicitFileType = wrapper.application; includeInIndex = 0; path = WakeWise.app; sourceTree = BUILT_PRODUCTS_DIR; };
		73D837D82D5D3608006602DB /* WakeWiseTests.xctest */ = {isa = PBXFileReference; explicitFileType = wrapper.cfbundle; includeInIndex = 0; path = WakeWiseTests.xctest; sourceTree = BUILT_PRODUCTS_DIR; };
		73D837E22D5D3608006602DB /* WakeWiseUITests.xctest */ = {isa = PBXFileReference; explicitFileType = wrapper.cfbundle; includeInIndex = 0; path = WakeWiseUITests.xctest; sourceTree = BUILT_PRODUCTS_DIR; };
		73D838012D5D375E006602DB /* HomeView.swift */ = {isa = PBXFileReference; lastKnownFileType = sourcecode.swift; path = HomeView.swift; sourceTree = "<group>"; };
		73D838042D5D375E006602DB /* Item.swift */ = {isa = PBXFileReference; lastKnownFileType = sourcecode.swift; path = Item.swift; sourceTree = "<group>"; };
		73D838082D5D375E006602DB /* Colors.swift */ = {isa = PBXFileReference; lastKnownFileType = sourcecode.swift; path = Colors.swift; sourceTree = "<group>"; };
/* End PBXFileReference section */

/* Begin PBXFileSystemSynchronizedBuildFileExceptionSet section */
		73D837EA2D5D3608006602DB /* Exceptions for "WakeWise" folder in "WakeWise" target */ = {
			isa = PBXFileSystemSynchronizedBuildFileExceptionSet;
			membershipExceptions = (
				Info.plist,
			);
			target = 73D837C32D5D3607006602DB /* WakeWise */;
		};
/* End PBXFileSystemSynchronizedBuildFileExceptionSet section */

/* Begin PBXFileSystemSynchronizedRootGroup section */
		73D837C62D5D3607006602DB /* WakeWise */ = {
			isa = PBXFileSystemSynchronizedRootGroup;
			exceptions = (
				73D837EA2D5D3608006602DB /* Exceptions for "WakeWise" folder in "WakeWise" target */,
			);
			path = WakeWise;
			sourceTree = "<group>";
		};
		73D837DB2D5D3608006602DB /* WakeWiseTests */ = {
			isa = PBXFileSystemSynchronizedRootGroup;
			path = WakeWiseTests;
			sourceTree = "<group>";
		};
		73D837E52D5D3608006602DB /* WakeWiseUITests */ = {
			isa = PBXFileSystemSynchronizedRootGroup;
			path = WakeWiseUITests;
			sourceTree = "<group>";
		};
/* End PBXFileSystemSynchronizedRootGroup section */

/* Begin PBXFrameworksBuildPhase section */
		73D837C12D5D3607006602DB /* Frameworks */ = {
			isa = PBXFrameworksBuildPhase;
			buildActionMask = 2147483647;
			files = (
			);
			runOnlyForDeploymentPostprocessing = 0;
		};
		73D837D52D5D3608006602DB /* Frameworks */ = {
			isa = PBXFrameworksBuildPhase;
			buildActionMask = 2147483647;
			files = (
			);
			runOnlyForDeploymentPostprocessing = 0;
		};
		73D837DF2D5D3608006602DB /* Frameworks */ = {
			isa = PBXFrameworksBuildPhase;
			buildActionMask = 2147483647;
			files = (
			);
			runOnlyForDeploymentPostprocessing = 0;
		};
/* End PBXFrameworksBuildPhase section */

/* Begin PBXGroup section */
		7306D04F2D6147C400771070 /* Theme */ = {
			isa = PBXGroup;
			children = (
				7306D0512D6147CF00771070 /* ThemeView.swift */,
			);
			path = Theme;
			sourceTree = "<group>";
		};
		731CF5EC2D5E3710001F771A /* Settings */ = {
			isa = PBXGroup;
			children = (
				7306D0542D6147DF00771070 /* SettingsView.swift */,
			);
			path = Settings;
			sourceTree = "<group>";
		};
		733092542D6131D90075EADC /* Toolbar */ = {
			isa = PBXGroup;
			children = (
				733092532D6131D90075EADC /* ToolbarView.swift */,
			);
			path = Toolbar;
			sourceTree = "<group>";
		};
		7373B3BF2D61366E003B9464 /* CurrentTimeDisplay */ = {
			isa = PBXGroup;
			children = (
				7373B3C12D613685003B9464 /* CurrentTimeView.swift */,
			);
			path = CurrentTimeDisplay;
			sourceTree = "<group>";
		};
		7373B3C52D61456A003B9464 /* Navigation */ = {
			isa = PBXGroup;
			children = (
				7373B3C72D614580003B9464 /* BottomNavigationView.swift */,
			);
			path = Navigation;
			sourceTree = "<group>";
		};
		73D837BB2D5D3607006602DB = {
			isa = PBXGroup;
			children = (
				73D838002D5D372F006602DB /* MVVM */,
				73D837C62D5D3607006602DB /* WakeWise */,
				73D837DB2D5D3608006602DB /* WakeWiseTests */,
				73D837E52D5D3608006602DB /* WakeWiseUITests */,
				73D837C52D5D3607006602DB /* Products */,
			);
			sourceTree = "<group>";
		};
		73D837C52D5D3607006602DB /* Products */ = {
			isa = PBXGroup;
			children = (
				73D837C42D5D3607006602DB /* WakeWise.app */,
				73D837D82D5D3608006602DB /* WakeWiseTests.xctest */,
				73D837E22D5D3608006602DB /* WakeWiseUITests.xctest */,
			);
			name = Products;
			sourceTree = "<group>";
		};
		73D838002D5D372F006602DB /* MVVM */ = {
			isa = PBXGroup;
			children = (
				73D838032D5D375E006602DB /* Features */,
				73D838052D5D375E006602DB /* Models */,
				73D838062D5D375E006602DB /* Resources */,
				73D838072D5D375E006602DB /* Services */,
				73D838092D5D375E006602DB /* Utilities */,
			);
			name = MVVM;
			sourceTree = "<group>";
		};
		73D838022D5D375E006602DB /* Home */ = {
			isa = PBXGroup;
			children = (
				7373B3BF2D61366E003B9464 /* CurrentTimeDisplay */,
				733092542D6131D90075EADC /* Toolbar */,
				73D838012D5D375E006602DB /* HomeView.swift */,
				7306D05A2D62976700771070 /* AlarmList.swift */,
			);
			path = Home;
			sourceTree = "<group>";
		};
		73D838032D5D375E006602DB /* Features */ = {
			isa = PBXGroup;
			children = (
				7306D04F2D6147C400771070 /* Theme */,
				7373B3C52D61456A003B9464 /* Navigation */,
				731CF5EC2D5E3710001F771A /* Settings */,
				73D838022D5D375E006602DB /* Home */,
			);
			name = Features;
			path = WakeWise/Features;
			sourceTree = "<group>";
		};
		73D838052D5D375E006602DB /* Models */ = {
			isa = PBXGroup;
			children = (
				73D838042D5D375E006602DB /* Item.swift */,
				733092462D5FBA0A0075EADC /* Alarm.swift */,
				7306D0572D614E1E00771070 /* Weekday.swift */,
			);
			name = Models;
			path = WakeWise/Models;
			sourceTree = "<group>";
		};
		73D838062D5D375E006602DB /* Resources */ = {
			isa = PBXGroup;
			children = (
			);
			name = Resources;
			path = WakeWise/Resources;
			sourceTree = "<group>";
		};
		73D838072D5D375E006602DB /* Services */ = {
			isa = PBXGroup;
			children = (
			);
			name = Services;
			path = WakeWise/Services;
			sourceTree = "<group>";
		};
		73D838092D5D375E006602DB /* Utilities */ = {
			isa = PBXGroup;
			children = (
				73D838082D5D375E006602DB /* Colors.swift */,
				733092432D5EB1150075EADC /* ContainerSize.swift */,
			);
			name = Utilities;
			path = WakeWise/Utilities;
			sourceTree = "<group>";
		};
/* End PBXGroup section */

/* Begin PBXNativeTarget section */
		73D837C32D5D3607006602DB /* WakeWise */ = {
			isa = PBXNativeTarget;
			buildConfigurationList = 73D837EB2D5D3608006602DB /* Build configuration list for PBXNativeTarget "WakeWise" */;
			buildPhases = (
				73D837C02D5D3607006602DB /* Sources */,
				73D837C12D5D3607006602DB /* Frameworks */,
				73D837C22D5D3607006602DB /* Resources */,
			);
			buildRules = (
			);
			dependencies = (
			);
			fileSystemSynchronizedGroups = (
				73D837C62D5D3607006602DB /* WakeWise */,
			);
			name = WakeWise;
			packageProductDependencies = (
			);
			productName = WakeWise;
			productReference = 73D837C42D5D3607006602DB /* WakeWise.app */;
			productType = "com.apple.product-type.application";
		};
		73D837D72D5D3608006602DB /* WakeWiseTests */ = {
			isa = PBXNativeTarget;
			buildConfigurationList = 73D837F02D5D3608006602DB /* Build configuration list for PBXNativeTarget "WakeWiseTests" */;
			buildPhases = (
				73D837D42D5D3608006602DB /* Sources */,
				73D837D52D5D3608006602DB /* Frameworks */,
				73D837D62D5D3608006602DB /* Resources */,
			);
			buildRules = (
			);
			dependencies = (
				73D837DA2D5D3608006602DB /* PBXTargetDependency */,
			);
			fileSystemSynchronizedGroups = (
				73D837DB2D5D3608006602DB /* WakeWiseTests */,
			);
			name = WakeWiseTests;
			packageProductDependencies = (
			);
			productName = WakeWiseTests;
			productReference = 73D837D82D5D3608006602DB /* WakeWiseTests.xctest */;
			productType = "com.apple.product-type.bundle.unit-test";
		};
		73D837E12D5D3608006602DB /* WakeWiseUITests */ = {
			isa = PBXNativeTarget;
			buildConfigurationList = 73D837F32D5D3608006602DB /* Build configuration list for PBXNativeTarget "WakeWiseUITests" */;
			buildPhases = (
				73D837DE2D5D3608006602DB /* Sources */,
				73D837DF2D5D3608006602DB /* Frameworks */,
				73D837E02D5D3608006602DB /* Resources */,
			);
			buildRules = (
			);
			dependencies = (
				73D837E42D5D3608006602DB /* PBXTargetDependency */,
			);
			fileSystemSynchronizedGroups = (
				73D837E52D5D3608006602DB /* WakeWiseUITests */,
			);
			name = WakeWiseUITests;
			packageProductDependencies = (
			);
			productName = WakeWiseUITests;
			productReference = 73D837E22D5D3608006602DB /* WakeWiseUITests.xctest */;
			productType = "com.apple.product-type.bundle.ui-testing";
		};
/* End PBXNativeTarget section */

/* Begin PBXProject section */
		73D837BC2D5D3607006602DB /* Project object */ = {
			isa = PBXProject;
			attributes = {
				BuildIndependentTargetsInParallel = 1;
				LastSwiftUpdateCheck = 1620;
				LastUpgradeCheck = 1620;
				TargetAttributes = {
					73D837C32D5D3607006602DB = {
						CreatedOnToolsVersion = 16.2;
					};
					73D837D72D5D3608006602DB = {
						CreatedOnToolsVersion = 16.2;
						TestTargetID = 73D837C32D5D3607006602DB;
					};
					73D837E12D5D3608006602DB = {
						CreatedOnToolsVersion = 16.2;
						TestTargetID = 73D837C32D5D3607006602DB;
					};
				};
			};
			buildConfigurationList = 73D837BF2D5D3607006602DB /* Build configuration list for PBXProject "WakeWise" */;
			developmentRegion = en;
			hasScannedForEncodings = 0;
			knownRegions = (
				en,
				Base,
			);
			mainGroup = 73D837BB2D5D3607006602DB;
			minimizedProjectReferenceProxies = 1;
			preferredProjectObjectVersion = 77;
			productRefGroup = 73D837C52D5D3607006602DB /* Products */;
			projectDirPath = "";
			projectRoot = "";
			targets = (
				73D837C32D5D3607006602DB /* WakeWise */,
				73D837D72D5D3608006602DB /* WakeWiseTests */,
				73D837E12D5D3608006602DB /* WakeWiseUITests */,
			);
		};
/* End PBXProject section */

/* Begin PBXResourcesBuildPhase section */
		73D837C22D5D3607006602DB /* Resources */ = {
			isa = PBXResourcesBuildPhase;
			buildActionMask = 2147483647;
			files = (
			);
			runOnlyForDeploymentPostprocessing = 0;
		};
		73D837D62D5D3608006602DB /* Resources */ = {
			isa = PBXResourcesBuildPhase;
			buildActionMask = 2147483647;
			files = (
			);
			runOnlyForDeploymentPostprocessing = 0;
		};
		73D837E02D5D3608006602DB /* Resources */ = {
			isa = PBXResourcesBuildPhase;
			buildActionMask = 2147483647;
			files = (
			);
			runOnlyForDeploymentPostprocessing = 0;
		};
/* End PBXResourcesBuildPhase section */

/* Begin PBXSourcesBuildPhase section */
		73D837C02D5D3607006602DB /* Sources */ = {
			isa = PBXSourcesBuildPhase;
			buildActionMask = 2147483647;
			files = (
			);
			runOnlyForDeploymentPostprocessing = 0;
		};
		73D837D42D5D3608006602DB /* Sources */ = {
			isa = PBXSourcesBuildPhase;
			buildActionMask = 2147483647;
			files = (
			);
			runOnlyForDeploymentPostprocessing = 0;
		};
		73D837DE2D5D3608006602DB /* Sources */ = {
			isa = PBXSourcesBuildPhase;
			buildActionMask = 2147483647;
			files = (
			);
			runOnlyForDeploymentPostprocessing = 0;
		};
/* End PBXSourcesBuildPhase section */

/* Begin PBXTargetDependency section */
		73D837DA2D5D3608006602DB /* PBXTargetDependency */ = {
			isa = PBXTargetDependency;
			target = 73D837C32D5D3607006602DB /* WakeWise */;
			targetProxy = 73D837D92D5D3608006602DB /* PBXContainerItemProxy */;
		};
		73D837E42D5D3608006602DB /* PBXTargetDependency */ = {
			isa = PBXTargetDependency;
			target = 73D837C32D5D3607006602DB /* WakeWise */;
			targetProxy = 73D837E32D5D3608006602DB /* PBXContainerItemProxy */;
		};
/* End PBXTargetDependency section */

/* Begin XCBuildConfiguration section */
		73D837EC2D5D3608006602DB /* Debug */ = {
			isa = XCBuildConfiguration;
			buildSettings = {
				ASSETCATALOG_COMPILER_APPICON_NAME = AppIcon;
				ASSETCATALOG_COMPILER_GLOBAL_ACCENT_COLOR_NAME = AccentColor;
				CODE_SIGN_ENTITLEMENTS = WakeWise/WakeWise.entitlements;
				CODE_SIGN_STYLE = Automatic;
				CURRENT_PROJECT_VERSION = 1;
				DEVELOPMENT_ASSET_PATHS = "\"WakeWise/Preview Content\"";
				DEVELOPMENT_TEAM = NK9N4TBZ83;
				ENABLE_PREVIEWS = YES;
				GENERATE_INFOPLIST_FILE = YES;
				INFOPLIST_FILE = WakeWise/Info.plist;
				INFOPLIST_KEY_UIApplicationSceneManifest_Generation = YES;
				INFOPLIST_KEY_UIApplicationSupportsIndirectInputEvents = YES;
				INFOPLIST_KEY_UILaunchScreen_Generation = YES;
				INFOPLIST_KEY_UISupportedInterfaceOrientations_iPad = "UIInterfaceOrientationPortrait UIInterfaceOrientationPortraitUpsideDown UIInterfaceOrientationLandscapeLeft UIInterfaceOrientationLandscapeRight";
				INFOPLIST_KEY_UISupportedInterfaceOrientations_iPhone = "UIInterfaceOrientationPortrait UIInterfaceOrientationLandscapeLeft UIInterfaceOrientationLandscapeRight";
				LD_RUNPATH_SEARCH_PATHS = (
					"$(inherited)",
					"@executable_path/Frameworks",
				);
				MARKETING_VERSION = 1.0;
				PRODUCT_BUNDLE_IDENTIFIER = com.fortisdev.WakeWise;
				PRODUCT_NAME = "$(TARGET_NAME)";
				SWIFT_EMIT_LOC_STRINGS = YES;
				SWIFT_VERSION = 5.0;
				TARGETED_DEVICE_FAMILY = "1,2";
			};
			name = Debug;
		};
		73D837ED2D5D3608006602DB /* Release */ = {
			isa = XCBuildConfiguration;
			buildSettings = {
				ASSETCATALOG_COMPILER_APPICON_NAME = AppIcon;
				ASSETCATALOG_COMPILER_GLOBAL_ACCENT_COLOR_NAME = AccentColor;
				CODE_SIGN_ENTITLEMENTS = WakeWise/WakeWise.entitlements;
				CODE_SIGN_STYLE = Automatic;
				CURRENT_PROJECT_VERSION = 1;
				DEVELOPMENT_ASSET_PATHS = "\"WakeWise/Preview Content\"";
				DEVELOPMENT_TEAM = NK9N4TBZ83;
				ENABLE_PREVIEWS = YES;
				GENERATE_INFOPLIST_FILE = YES;
				INFOPLIST_FILE = WakeWise/Info.plist;
				INFOPLIST_KEY_UIApplicationSceneManifest_Generation = YES;
				INFOPLIST_KEY_UIApplicationSupportsIndirectInputEvents = YES;
				INFOPLIST_KEY_UILaunchScreen_Generation = YES;
				INFOPLIST_KEY_UISupportedInterfaceOrientations_iPad = "UIInterfaceOrientationPortrait UIInterfaceOrientationPortraitUpsideDown UIInterfaceOrientationLandscapeLeft UIInterfaceOrientationLandscapeRight";
				INFOPLIST_KEY_UISupportedInterfaceOrientations_iPhone = "UIInterfaceOrientationPortrait UIInterfaceOrientationLandscapeLeft UIInterfaceOrientationLandscapeRight";
				LD_RUNPATH_SEARCH_PATHS = (
					"$(inherited)",
					"@executable_path/Frameworks",
				);
				MARKETING_VERSION = 1.0;
				PRODUCT_BUNDLE_IDENTIFIER = com.fortisdev.WakeWise;
				PRODUCT_NAME = "$(TARGET_NAME)";
				SWIFT_EMIT_LOC_STRINGS = YES;
				SWIFT_VERSION = 5.0;
				TARGETED_DEVICE_FAMILY = "1,2";
			};
			name = Release;
		};
		73D837EE2D5D3608006602DB /* Debug */ = {
			isa = XCBuildConfiguration;
			buildSettings = {
				ALWAYS_SEARCH_USER_PATHS = NO;
				ASSETCATALOG_COMPILER_GENERATE_SWIFT_ASSET_SYMBOL_EXTENSIONS = YES;
				CLANG_ANALYZER_NONNULL = YES;
				CLANG_ANALYZER_NUMBER_OBJECT_CONVERSION = YES_AGGRESSIVE;
				CLANG_CXX_LANGUAGE_STANDARD = "gnu++20";
				CLANG_ENABLE_MODULES = YES;
				CLANG_ENABLE_OBJC_ARC = YES;
				CLANG_ENABLE_OBJC_WEAK = YES;
				CLANG_WARN_BLOCK_CAPTURE_AUTORELEASING = YES;
				CLANG_WARN_BOOL_CONVERSION = YES;
				CLANG_WARN_COMMA = YES;
				CLANG_WARN_CONSTANT_CONVERSION = YES;
				CLANG_WARN_DEPRECATED_OBJC_IMPLEMENTATIONS = YES;
				CLANG_WARN_DIRECT_OBJC_ISA_USAGE = YES_ERROR;
				CLANG_WARN_DOCUMENTATION_COMMENTS = YES;
				CLANG_WARN_EMPTY_BODY = YES;
				CLANG_WARN_ENUM_CONVERSION = YES;
				CLANG_WARN_INFINITE_RECURSION = YES;
				CLANG_WARN_INT_CONVERSION = YES;
				CLANG_WARN_NON_LITERAL_NULL_CONVERSION = YES;
				CLANG_WARN_OBJC_IMPLICIT_RETAIN_SELF = YES;
				CLANG_WARN_OBJC_LITERAL_CONVERSION = YES;
				CLANG_WARN_OBJC_ROOT_CLASS = YES_ERROR;
				CLANG_WARN_QUOTED_INCLUDE_IN_FRAMEWORK_HEADER = YES;
				CLANG_WARN_RANGE_LOOP_ANALYSIS = YES;
				CLANG_WARN_STRICT_PROTOTYPES = YES;
				CLANG_WARN_SUSPICIOUS_MOVE = YES;
				CLANG_WARN_UNGUARDED_AVAILABILITY = YES_AGGRESSIVE;
				CLANG_WARN_UNREACHABLE_CODE = YES;
				CLANG_WARN__DUPLICATE_METHOD_MATCH = YES;
				COPY_PHASE_STRIP = NO;
				DEBUG_INFORMATION_FORMAT = dwarf;
				ENABLE_STRICT_OBJC_MSGSEND = YES;
				ENABLE_TESTABILITY = YES;
				ENABLE_USER_SCRIPT_SANDBOXING = YES;
				GCC_C_LANGUAGE_STANDARD = gnu17;
				GCC_DYNAMIC_NO_PIC = NO;
				GCC_NO_COMMON_BLOCKS = YES;
				GCC_OPTIMIZATION_LEVEL = 0;
				GCC_PREPROCESSOR_DEFINITIONS = (
					"DEBUG=1",
					"$(inherited)",
				);
				GCC_WARN_64_TO_32_BIT_CONVERSION = YES;
				GCC_WARN_ABOUT_RETURN_TYPE = YES_ERROR;
				GCC_WARN_UNDECLARED_SELECTOR = YES;
				GCC_WARN_UNINITIALIZED_AUTOS = YES_AGGRESSIVE;
				GCC_WARN_UNUSED_FUNCTION = YES;
				GCC_WARN_UNUSED_VARIABLE = YES;
				IPHONEOS_DEPLOYMENT_TARGET = 18.2;
				LOCALIZATION_PREFERS_STRING_CATALOGS = YES;
				MTL_ENABLE_DEBUG_INFO = INCLUDE_SOURCE;
				MTL_FAST_MATH = YES;
				ONLY_ACTIVE_ARCH = YES;
				SDKROOT = iphoneos;
				SWIFT_ACTIVE_COMPILATION_CONDITIONS = "DEBUG $(inherited)";
				SWIFT_OPTIMIZATION_LEVEL = "-Onone";
			};
			name = Debug;
		};
		73D837EF2D5D3608006602DB /* Release */ = {
			isa = XCBuildConfiguration;
			buildSettings = {
				ALWAYS_SEARCH_USER_PATHS = NO;
				ASSETCATALOG_COMPILER_GENERATE_SWIFT_ASSET_SYMBOL_EXTENSIONS = YES;
				CLANG_ANALYZER_NONNULL = YES;
				CLANG_ANALYZER_NUMBER_OBJECT_CONVERSION = YES_AGGRESSIVE;
				CLANG_CXX_LANGUAGE_STANDARD = "gnu++20";
				CLANG_ENABLE_MODULES = YES;
				CLANG_ENABLE_OBJC_ARC = YES;
				CLANG_ENABLE_OBJC_WEAK = YES;
				CLANG_WARN_BLOCK_CAPTURE_AUTORELEASING = YES;
				CLANG_WARN_BOOL_CONVERSION = YES;
				CLANG_WARN_COMMA = YES;
				CLANG_WARN_CONSTANT_CONVERSION = YES;
				CLANG_WARN_DEPRECATED_OBJC_IMPLEMENTATIONS = YES;
				CLANG_WARN_DIRECT_OBJC_ISA_USAGE = YES_ERROR;
				CLANG_WARN_DOCUMENTATION_COMMENTS = YES;
				CLANG_WARN_EMPTY_BODY = YES;
				CLANG_WARN_ENUM_CONVERSION = YES;
				CLANG_WARN_INFINITE_RECURSION = YES;
				CLANG_WARN_INT_CONVERSION = YES;
				CLANG_WARN_NON_LITERAL_NULL_CONVERSION = YES;
				CLANG_WARN_OBJC_IMPLICIT_RETAIN_SELF = YES;
				CLANG_WARN_OBJC_LITERAL_CONVERSION = YES;
				CLANG_WARN_OBJC_ROOT_CLASS = YES_ERROR;
				CLANG_WARN_QUOTED_INCLUDE_IN_FRAMEWORK_HEADER = YES;
				CLANG_WARN_RANGE_LOOP_ANALYSIS = YES;
				CLANG_WARN_STRICT_PROTOTYPES = YES;
				CLANG_WARN_SUSPICIOUS_MOVE = YES;
				CLANG_WARN_UNGUARDED_AVAILABILITY = YES_AGGRESSIVE;
				CLANG_WARN_UNREACHABLE_CODE = YES;
				CLANG_WARN__DUPLICATE_METHOD_MATCH = YES;
				COPY_PHASE_STRIP = NO;
				DEBUG_INFORMATION_FORMAT = "dwarf-with-dsym";
				ENABLE_NS_ASSERTIONS = NO;
				ENABLE_STRICT_OBJC_MSGSEND = YES;
				ENABLE_USER_SCRIPT_SANDBOXING = YES;
				GCC_C_LANGUAGE_STANDARD = gnu17;
				GCC_NO_COMMON_BLOCKS = YES;
				GCC_WARN_64_TO_32_BIT_CONVERSION = YES;
				GCC_WARN_ABOUT_RETURN_TYPE = YES_ERROR;
				GCC_WARN_UNDECLARED_SELECTOR = YES;
				GCC_WARN_UNINITIALIZED_AUTOS = YES_AGGRESSIVE;
				GCC_WARN_UNUSED_FUNCTION = YES;
				GCC_WARN_UNUSED_VARIABLE = YES;
				IPHONEOS_DEPLOYMENT_TARGET = 18.2;
				LOCALIZATION_PREFERS_STRING_CATALOGS = YES;
				MTL_ENABLE_DEBUG_INFO = NO;
				MTL_FAST_MATH = YES;
				SDKROOT = iphoneos;
				SWIFT_COMPILATION_MODE = wholemodule;
				VALIDATE_PRODUCT = YES;
			};
			name = Release;
		};
		73D837F12D5D3608006602DB /* Debug */ = {
			isa = XCBuildConfiguration;
			buildSettings = {
				BUNDLE_LOADER = "$(TEST_HOST)";
				CODE_SIGN_STYLE = Automatic;
				CURRENT_PROJECT_VERSION = 1;
				DEVELOPMENT_TEAM = NK9N4TBZ83;
				GENERATE_INFOPLIST_FILE = YES;
				IPHONEOS_DEPLOYMENT_TARGET = 18.2;
				MARKETING_VERSION = 1.0;
				PRODUCT_BUNDLE_IDENTIFIER = com.fortisdev.WakeWiseTests;
				PRODUCT_NAME = "$(TARGET_NAME)";
				SWIFT_EMIT_LOC_STRINGS = NO;
				SWIFT_VERSION = 5.0;
				TARGETED_DEVICE_FAMILY = "1,2";
				TEST_HOST = "$(BUILT_PRODUCTS_DIR)/WakeWise.app/$(BUNDLE_EXECUTABLE_FOLDER_PATH)/WakeWise";
			};
			name = Debug;
		};
		73D837F22D5D3608006602DB /* Release */ = {
			isa = XCBuildConfiguration;
			buildSettings = {
				BUNDLE_LOADER = "$(TEST_HOST)";
				CODE_SIGN_STYLE = Automatic;
				CURRENT_PROJECT_VERSION = 1;
				DEVELOPMENT_TEAM = NK9N4TBZ83;
				GENERATE_INFOPLIST_FILE = YES;
				IPHONEOS_DEPLOYMENT_TARGET = 18.2;
				MARKETING_VERSION = 1.0;
				PRODUCT_BUNDLE_IDENTIFIER = com.fortisdev.WakeWiseTests;
				PRODUCT_NAME = "$(TARGET_NAME)";
				SWIFT_EMIT_LOC_STRINGS = NO;
				SWIFT_VERSION = 5.0;
				TARGETED_DEVICE_FAMILY = "1,2";
				TEST_HOST = "$(BUILT_PRODUCTS_DIR)/WakeWise.app/$(BUNDLE_EXECUTABLE_FOLDER_PATH)/WakeWise";
			};
			name = Release;
		};
		73D837F42D5D3608006602DB /* Debug */ = {
			isa = XCBuildConfiguration;
			buildSettings = {
				CODE_SIGN_STYLE = Automatic;
				CURRENT_PROJECT_VERSION = 1;
				DEVELOPMENT_TEAM = NK9N4TBZ83;
				GENERATE_INFOPLIST_FILE = YES;
				MARKETING_VERSION = 1.0;
				PRODUCT_BUNDLE_IDENTIFIER = com.fortisdev.WakeWiseUITests;
				PRODUCT_NAME = "$(TARGET_NAME)";
				SWIFT_EMIT_LOC_STRINGS = NO;
				SWIFT_VERSION = 5.0;
				TARGETED_DEVICE_FAMILY = "1,2";
				TEST_TARGET_NAME = WakeWise;
			};
			name = Debug;
		};
		73D837F52D5D3608006602DB /* Release */ = {
			isa = XCBuildConfiguration;
			buildSettings = {
				CODE_SIGN_STYLE = Automatic;
				CURRENT_PROJECT_VERSION = 1;
				DEVELOPMENT_TEAM = NK9N4TBZ83;
				GENERATE_INFOPLIST_FILE = YES;
				MARKETING_VERSION = 1.0;
				PRODUCT_BUNDLE_IDENTIFIER = com.fortisdev.WakeWiseUITests;
				PRODUCT_NAME = "$(TARGET_NAME)";
				SWIFT_EMIT_LOC_STRINGS = NO;
				SWIFT_VERSION = 5.0;
				TARGETED_DEVICE_FAMILY = "1,2";
				TEST_TARGET_NAME = WakeWise;
			};
			name = Release;
		};
/* End XCBuildConfiguration section */

/* Begin XCConfigurationList section */
		73D837BF2D5D3607006602DB /* Build configuration list for PBXProject "WakeWise" */ = {
			isa = XCConfigurationList;
			buildConfigurations = (
				73D837EE2D5D3608006602DB /* Debug */,
				73D837EF2D5D3608006602DB /* Release */,
			);
			defaultConfigurationIsVisible = 0;
			defaultConfigurationName = Release;
		};
		73D837EB2D5D3608006602DB /* Build configuration list for PBXNativeTarget "WakeWise" */ = {
			isa = XCConfigurationList;
			buildConfigurations = (
				73D837EC2D5D3608006602DB /* Debug */,
				73D837ED2D5D3608006602DB /* Release */,
			);
			defaultConfigurationIsVisible = 0;
			defaultConfigurationName = Release;
		};
		73D837F02D5D3608006602DB /* Build configuration list for PBXNativeTarget "WakeWiseTests" */ = {
			isa = XCConfigurationList;
			buildConfigurations = (
				73D837F12D5D3608006602DB /* Debug */,
				73D837F22D5D3608006602DB /* Release */,
			);
			defaultConfigurationIsVisible = 0;
			defaultConfigurationName = Release;
		};
		73D837F32D5D3608006602DB /* Build configuration list for PBXNativeTarget "WakeWiseUITests" */ = {
			isa = XCConfigurationList;
			buildConfigurations = (
				73D837F42D5D3608006602DB /* Debug */,
				73D837F52D5D3608006602DB /* Release */,
			);
			defaultConfigurationIsVisible = 0;
			defaultConfigurationName = Release;
		};
/* End XCConfigurationList section */
	};
	rootObject = 73D837BC2D5D3607006602DB /* Project object */;
}
